
Microsoft Visual Studio Solution File, Format Version 12.00
# Visual Studio Version 17
VisualStudioVersion = 17.4.33403.182
MinimumVisualStudioVersion = 10.0.40219.1
Project("{FAE04EC0-301F-11D3-BF4B-00C04F79EFBC}") = "MyFirstCodeOOP", "MyFirstCodeOOP\MyFirstCodeOOP.csproj", "{7629B59A-17B4-4DF5-85ED-C930DB7D5A32}"
EndProject
Global
	GlobalSection(SolutionConfigurationPlatforms) = preSolution
		Debug|Any CPU = Debug|Any CPU
		Release|Any CPU = Release|Any CPU
	EndGlobalSection
	GlobalSection(ProjectConfigurationPlatforms) = postSolution
		{7629B59A-17B4-4DF5-85ED-C930DB7D5A32}.Debug|Any CPU.ActiveCfg = Debug|Any CPU
		{7629B59A-17B4-4DF5-85ED-C930DB7D5A32}.Debug|Any CPU.Build.0 = Debug|Any CPU
		{7629B59A-17B4-4DF5-85ED-C930DB7D5A32}.Release|Any CPU.ActiveCfg = Release|Any CPU
		{7629B59A-17B4-4DF5-85ED-C930DB7D5A32}.Release|Any CPU.Build.0 = Release|Any CPU
	EndGlobalSection
	GlobalSection(SolutionProperties) = preSolution
		HideSolutionNode = FALSE
	EndGlobalSection
	GlobalSection(ExtensibilityGlobals) = postSolution
		SolutionGuid = {A75A759A-2916-4B1B-8282-5C26792BA637}
	EndGlobalSection
EndGlobal
